
Microsoft Visual Studio Solution File, Format Version 10.00
# Visual Studio 2008
Project("{FAE04EC0-301F-11D3-BF4B-00C04F79EFBC}") = "news", "news\news.csproj", "{782DFD28-71C2-40AF-B5A0-8108E381CF2E}"
EndProject
Project("{FAE04EC0-301F-11D3-BF4B-00C04F79EFBC}") = "news.Tests", "news.Tests\news.Tests.csproj", "{FDF52B46-D65D-4CA0-AC8C-3D8111C2B060}"
EndProject
Global
	GlobalSection(SolutionConfigurationPlatforms) = preSolution
		Debug|Any CPU = Debug|Any CPU
		Release|Any CPU = Release|Any CPU
	EndGlobalSection
	GlobalSection(ProjectConfigurationPlatforms) = postSolution
		{782DFD28-71C2-40AF-B5A0-8108E381CF2E}.Debug|Any CPU.ActiveCfg = Debug|Any CPU
		{782DFD28-71C2-40AF-B5A0-8108E381CF2E}.Debug|Any CPU.Build.0 = Debug|Any CPU
		{782DFD28-71C2-40AF-B5A0-8108E381CF2E}.Release|Any CPU.ActiveCfg = Release|Any CPU
		{782DFD28-71C2-40AF-B5A0-8108E381CF2E}.Release|Any CPU.Build.0 = Release|Any CPU
		{FDF52B46-D65D-4CA0-AC8C-3D8111C2B060}.Debug|Any CPU.ActiveCfg = Debug|Any CPU
		{FDF52B46-D65D-4CA0-AC8C-3D8111C2B060}.Debug|Any CPU.Build.0 = Debug|Any CPU
		{FDF52B46-D65D-4CA0-AC8C-3D8111C2B060}.Release|Any CPU.ActiveCfg = Release|Any CPU
		{FDF52B46-D65D-4CA0-AC8C-3D8111C2B060}.Release|Any CPU.Build.0 = Release|Any CPU
	EndGlobalSection
	GlobalSection(SolutionProperties) = preSolution
		HideSolutionNode = FALSE
	EndGlobalSection
EndGlobal
